// !$*UTF8*$!
{
	archiveVersion = 1;
	classes = {
	};
	objectVersion = 50;
	objects = {

/* Begin PBXBuildFile section */
		D22B24EC25D1D48900B4C744 /* AppDelegate.swift in Sources */ = {isa = PBXBuildFile; fileRef = D22B24EB25D1D48900B4C744 /* AppDelegate.swift */; };
		D22B24EE25D1D48900B4C744 /* ViewController.swift in Sources */ = {isa = PBXBuildFile; fileRef = D22B24ED25D1D48900B4C744 /* ViewController.swift */; };
		D22B24F025D1D48A00B4C744 /* Assets.xcassets in Resources */ = {isa = PBXBuildFile; fileRef = D22B24EF25D1D48A00B4C744 /* Assets.xcassets */; };
		D22B24F325D1D48A00B4C744 /* Main.storyboard in Resources */ = {isa = PBXBuildFile; fileRef = D22B24F125D1D48A00B4C744 /* Main.storyboard */; };
		D22B250425D1D4AA00B4C744 /* CannyEdgeDetectorKit.h in Headers */ = {isa = PBXBuildFile; fileRef = D22B250225D1D4AA00B4C744 /* CannyEdgeDetectorKit.h */; settings = {ATTRIBUTES = (Public, ); }; };
		D22B250725D1D4AA00B4C744 /* CannyEdgeDetectorKit.framework in Frameworks */ = {isa = PBXBuildFile; fileRef = D22B250025D1D4AA00B4C744 /* CannyEdgeDetectorKit.framework */; };
		D22B250825D1D4AA00B4C744 /* CannyEdgeDetectorKit.framework in Embed Frameworks */ = {isa = PBXBuildFile; fileRef = D22B250025D1D4AA00B4C744 /* CannyEdgeDetectorKit.framework */; settings = {ATTRIBUTES = (CodeSignOnCopy, RemoveHeadersOnCopy, ); }; };
		D22B250F25D1D4B000B4C744 /* Image.swift in Sources */ = {isa = PBXBuildFile; fileRef = D22B24DD25D1CDC200B4C744 /* Image.swift */; };
		D22B251225D1D4C000B4C744 /* CGDetector.swift in Sources */ = {isa = PBXBuildFile; fileRef = D22B24E125D1CE0F00B4C744 /* CGDetector.swift */; };
		D231A0D625F817B800526A49 /* LiveView.swift in Sources */ = {isa = PBXBuildFile; fileRef = D231A0D525F817B800526A49 /* LiveView.swift */; };
		D23CD1FD25FCC8A80082CE04 /* CannyEdgeDetector.swift in Sources */ = {isa = PBXBuildFile; fileRef = D23CD1FC25FCC8A80082CE04 /* CannyEdgeDetector.swift */; };
		D23CD20125FCC9FE0082CE04 /* DetectorStrategy.swift in Sources */ = {isa = PBXBuildFile; fileRef = D23CD20025FCC9FE0082CE04 /* DetectorStrategy.swift */; };
		D23CD20525FCCCB50082CE04 /* AccelerateDetectorV2.swift in Sources */ = {isa = PBXBuildFile; fileRef = D23CD20425FCCCB50082CE04 /* AccelerateDetectorV2.swift */; };
		D23CD20925FCD8D30082CE04 /* BoxFilter.swift in Sources */ = {isa = PBXBuildFile; fileRef = D23CD20825FCD8D30082CE04 /* BoxFilter.swift */; };
		D23CD20F25FE52860082CE04 /* CannyEdgeDetectorDelegate.swift in Sources */ = {isa = PBXBuildFile; fileRef = D23CD20E25FE52860082CE04 /* CannyEdgeDetectorDelegate.swift */; };
		D26E0BDA25E1864100883294 /* BoxFilterStep.swift in Sources */ = {isa = PBXBuildFile; fileRef = D26E0BD925E1864100883294 /* BoxFilterStep.swift */; };
		D26E0BDE25E18A1700883294 /* GradientStep.swift in Sources */ = {isa = PBXBuildFile; fileRef = D26E0BDD25E18A1700883294 /* GradientStep.swift */; };
		D26E0BE625E2BFFB00883294 /* NonMaxSuppressionStep.swift in Sources */ = {isa = PBXBuildFile; fileRef = D26E0BE525E2BFFB00883294 /* NonMaxSuppressionStep.swift */; };
		D271043625F52BDC00F32DB1 /* CMDimensionsExtension.swift in Sources */ = {isa = PBXBuildFile; fileRef = D271043525F52BDC00F32DB1 /* CMDimensionsExtension.swift */; };
		D28BE5DF25E176980024969B /* GrayscaleConverterStep.swift in Sources */ = {isa = PBXBuildFile; fileRef = D28BE5DE25E176980024969B /* GrayscaleConverterStep.swift */; };
		D28BE5EA25E1806E0024969B /* CannyEdgeDetectorKit.framework in Frameworks */ = {isa = PBXBuildFile; fileRef = D22B250025D1D4AA00B4C744 /* CannyEdgeDetectorKit.framework */; };
		D28BE5F325E1809B0024969B /* GrayscaleConverterStepTest.swift in Sources */ = {isa = PBXBuildFile; fileRef = D28BE5F225E1809B0024969B /* GrayscaleConverterStepTest.swift */; };
		D28BE5F825E181400024969B /* 10081.jpg in Resources */ = {isa = PBXBuildFile; fileRef = D28BE5F725E181400024969B /* 10081.jpg */; };
		D29C61DD25EBA4EB00D94B0F /* VImageBufferWrapper.swift in Sources */ = {isa = PBXBuildFile; fileRef = D29C61DC25EBA4EB00D94B0F /* VImageBufferWrapper.swift */; };
		D2AC812B25F5378300B4CA67 /* TimerConsumer.swift in Sources */ = {isa = PBXBuildFile; fileRef = D2AC812A25F5378300B4CA67 /* TimerConsumer.swift */; };
		D2C2B60A25DB0EFE00485F07 /* VIDetector.swift in Sources */ = {isa = PBXBuildFile; fileRef = D2C2B60925DB0EFE00485F07 /* VIDetector.swift */; };
		D2C2B60D25DB0F1000485F07 /* Detector.swift in Sources */ = {isa = PBXBuildFile; fileRef = D2C2B60C25DB0F1000485F07 /* Detector.swift */; };
		D2C2B61025DD9B4000485F07 /* AccelerateDetector.swift in Sources */ = {isa = PBXBuildFile; fileRef = D2C2B60F25DD9B4000485F07 /* AccelerateDetector.swift */; };
		D2C4BCBA25E16A7000F1EDEE /* Pipeline.swift in Sources */ = {isa = PBXBuildFile; fileRef = D2C4BCB925E16A7000F1EDEE /* Pipeline.swift */; };
		D2C4BCBD25E16A8600F1EDEE /* PipelineStep.swift in Sources */ = {isa = PBXBuildFile; fileRef = D2C4BCBC25E16A8600F1EDEE /* PipelineStep.swift */; };
		D2C4BCC025E16AA400F1EDEE /* PipelineData.swift in Sources */ = {isa = PBXBuildFile; fileRef = D2C4BCBF25E16AA400F1EDEE /* PipelineData.swift */; };
		D2F47A2A25EC11670019B944 /* GrayscaleConverter.swift in Sources */ = {isa = PBXBuildFile; fileRef = D2F47A2925EC11670019B944 /* GrayscaleConverter.swift */; };
		D2F47A2E25EC18D80019B944 /* TemporaryBuffer.swift in Sources */ = {isa = PBXBuildFile; fileRef = D2F47A2D25EC18D80019B944 /* TemporaryBuffer.swift */; };
		D2F47A3225EC1B4C0019B944 /* LiveViewController.swift in Sources */ = {isa = PBXBuildFile; fileRef = D2F47A3125EC1B4C0019B944 /* LiveViewController.swift */; };
/* End PBXBuildFile section */

/* Begin PBXContainerItemProxy section */
		D22B250525D1D4AA00B4C744 /* PBXContainerItemProxy */ = {
			isa = PBXContainerItemProxy;
			containerPortal = D22B24CA25D1CD9700B4C744 /* Project object */;
			proxyType = 1;
			remoteGlobalIDString = D22B24FF25D1D4AA00B4C744;
			remoteInfo = CannyEdgeDetectorKit;
		};
		D28BE5EB25E1806E0024969B /* PBXContainerItemProxy */ = {
			isa = PBXContainerItemProxy;
			containerPortal = D22B24CA25D1CD9700B4C744 /* Project object */;
			proxyType = 1;
			remoteGlobalIDString = D22B24FF25D1D4AA00B4C744;
			remoteInfo = CannyEdgeDetectorKit;
		};
/* End PBXContainerItemProxy section */

/* Begin PBXCopyFilesBuildPhase section */
		D22B250C25D1D4AA00B4C744 /* Embed Frameworks */ = {
			isa = PBXCopyFilesBuildPhase;
			buildActionMask = 2147483647;
			dstPath = "";
			dstSubfolderSpec = 10;
			files = (
				D22B250825D1D4AA00B4C744 /* CannyEdgeDetectorKit.framework in Embed Frameworks */,
			);
			name = "Embed Frameworks";
			runOnlyForDeploymentPostprocessing = 0;
		};
/* End PBXCopyFilesBuildPhase section */

/* Begin PBXFileReference section */
		D22B24DD25D1CDC200B4C744 /* Image.swift */ = {isa = PBXFileReference; lastKnownFileType = sourcecode.swift; path = Image.swift; sourceTree = "<group>"; };
		D22B24E125D1CE0F00B4C744 /* CGDetector.swift */ = {isa = PBXFileReference; lastKnownFileType = sourcecode.swift; path = CGDetector.swift; sourceTree = "<group>"; };
		D22B24E925D1D48900B4C744 /* CannyViewer.app */ = {isa = PBXFileReference; explicitFileType = wrapper.application; includeInIndex = 0; path = CannyViewer.app; sourceTree = BUILT_PRODUCTS_DIR; };
		D22B24EB25D1D48900B4C744 /* AppDelegate.swift */ = {isa = PBXFileReference; lastKnownFileType = sourcecode.swift; path = AppDelegate.swift; sourceTree = "<group>"; };
		D22B24ED25D1D48900B4C744 /* ViewController.swift */ = {isa = PBXFileReference; lastKnownFileType = sourcecode.swift; path = ViewController.swift; sourceTree = "<group>"; };
		D22B24EF25D1D48A00B4C744 /* Assets.xcassets */ = {isa = PBXFileReference; lastKnownFileType = folder.assetcatalog; path = Assets.xcassets; sourceTree = "<group>"; };
		D22B24F225D1D48A00B4C744 /* Base */ = {isa = PBXFileReference; lastKnownFileType = file.storyboard; name = Base; path = Base.lproj/Main.storyboard; sourceTree = "<group>"; };
		D22B24F425D1D48A00B4C744 /* Info.plist */ = {isa = PBXFileReference; lastKnownFileType = text.plist.xml; path = Info.plist; sourceTree = "<group>"; };
		D22B24F525D1D48A00B4C744 /* CannyViewer.entitlements */ = {isa = PBXFileReference; lastKnownFileType = text.plist.entitlements; path = CannyViewer.entitlements; sourceTree = "<group>"; };
		D22B250025D1D4AA00B4C744 /* CannyEdgeDetectorKit.framework */ = {isa = PBXFileReference; explicitFileType = wrapper.framework; includeInIndex = 0; path = CannyEdgeDetectorKit.framework; sourceTree = BUILT_PRODUCTS_DIR; };
		D22B250225D1D4AA00B4C744 /* CannyEdgeDetectorKit.h */ = {isa = PBXFileReference; lastKnownFileType = sourcecode.c.h; path = CannyEdgeDetectorKit.h; sourceTree = "<group>"; };
		D22B250325D1D4AA00B4C744 /* Info.plist */ = {isa = PBXFileReference; lastKnownFileType = text.plist.xml; path = Info.plist; sourceTree = "<group>"; };
		D231A0D525F817B800526A49 /* LiveView.swift */ = {isa = PBXFileReference; lastKnownFileType = sourcecode.swift; path = LiveView.swift; sourceTree = "<group>"; };
		D23CD1FC25FCC8A80082CE04 /* CannyEdgeDetector.swift */ = {isa = PBXFileReference; lastKnownFileType = sourcecode.swift; path = CannyEdgeDetector.swift; sourceTree = "<group>"; };
		D23CD20025FCC9FE0082CE04 /* DetectorStrategy.swift */ = {isa = PBXFileReference; lastKnownFileType = sourcecode.swift; path = DetectorStrategy.swift; sourceTree = "<group>"; };
		D23CD20425FCCCB50082CE04 /* AccelerateDetectorV2.swift */ = {isa = PBXFileReference; lastKnownFileType = sourcecode.swift; path = AccelerateDetectorV2.swift; sourceTree = "<group>"; };
		D23CD20825FCD8D30082CE04 /* BoxFilter.swift */ = {isa = PBXFileReference; lastKnownFileType = sourcecode.swift; path = BoxFilter.swift; sourceTree = "<group>"; };
		D23CD20E25FE52860082CE04 /* CannyEdgeDetectorDelegate.swift */ = {isa = PBXFileReference; lastKnownFileType = sourcecode.swift; path = CannyEdgeDetectorDelegate.swift; sourceTree = "<group>"; };
		D26E0BD925E1864100883294 /* BoxFilterStep.swift */ = {isa = PBXFileReference; lastKnownFileType = sourcecode.swift; path = BoxFilterStep.swift; sourceTree = "<group>"; };
		D26E0BDD25E18A1700883294 /* GradientStep.swift */ = {isa = PBXFileReference; lastKnownFileType = sourcecode.swift; path = GradientStep.swift; sourceTree = "<group>"; };
		D26E0BE525E2BFFB00883294 /* NonMaxSuppressionStep.swift */ = {isa = PBXFileReference; lastKnownFileType = sourcecode.swift; path = NonMaxSuppressionStep.swift; sourceTree = "<group>"; };
		D271043525F52BDC00F32DB1 /* CMDimensionsExtension.swift */ = {isa = PBXFileReference; lastKnownFileType = sourcecode.swift; path = CMDimensionsExtension.swift; sourceTree = "<group>"; };
		D28BE5DE25E176980024969B /* GrayscaleConverterStep.swift */ = {isa = PBXFileReference; lastKnownFileType = sourcecode.swift; path = GrayscaleConverterStep.swift; sourceTree = "<group>"; };
		D28BE5E525E1806E0024969B /* CannyEdgeDetectorKitTests.xctest */ = {isa = PBXFileReference; explicitFileType = wrapper.cfbundle; includeInIndex = 0; path = CannyEdgeDetectorKitTests.xctest; sourceTree = BUILT_PRODUCTS_DIR; };
		D28BE5E925E1806E0024969B /* Info.plist */ = {isa = PBXFileReference; lastKnownFileType = text.plist.xml; path = Info.plist; sourceTree = "<group>"; };
		D28BE5F225E1809B0024969B /* GrayscaleConverterStepTest.swift */ = {isa = PBXFileReference; lastKnownFileType = sourcecode.swift; path = GrayscaleConverterStepTest.swift; sourceTree = "<group>"; };
		D28BE5F725E181400024969B /* 10081.jpg */ = {isa = PBXFileReference; lastKnownFileType = image.jpeg; path = 10081.jpg; sourceTree = "<group>"; };
		D29C61DC25EBA4EB00D94B0F /* VImageBufferWrapper.swift */ = {isa = PBXFileReference; lastKnownFileType = sourcecode.swift; path = VImageBufferWrapper.swift; sourceTree = "<group>"; };
		D2AC812A25F5378300B4CA67 /* TimerConsumer.swift */ = {isa = PBXFileReference; lastKnownFileType = sourcecode.swift; path = TimerConsumer.swift; sourceTree = "<group>"; };
		D2C2B60925DB0EFE00485F07 /* VIDetector.swift */ = {isa = PBXFileReference; lastKnownFileType = sourcecode.swift; path = VIDetector.swift; sourceTree = "<group>"; };
		D2C2B60C25DB0F1000485F07 /* Detector.swift */ = {isa = PBXFileReference; lastKnownFileType = sourcecode.swift; path = Detector.swift; sourceTree = "<group>"; };
		D2C2B60F25DD9B4000485F07 /* AccelerateDetector.swift */ = {isa = PBXFileReference; lastKnownFileType = sourcecode.swift; path = AccelerateDetector.swift; sourceTree = "<group>"; };
		D2C4BCB925E16A7000F1EDEE /* Pipeline.swift */ = {isa = PBXFileReference; lastKnownFileType = sourcecode.swift; path = Pipeline.swift; sourceTree = "<group>"; };
		D2C4BCBC25E16A8600F1EDEE /* PipelineStep.swift */ = {isa = PBXFileReference; lastKnownFileType = sourcecode.swift; path = PipelineStep.swift; sourceTree = "<group>"; };
		D2C4BCBF25E16AA400F1EDEE /* PipelineData.swift */ = {isa = PBXFileReference; lastKnownFileType = sourcecode.swift; path = PipelineData.swift; sourceTree = "<group>"; };
		D2F47A2925EC11670019B944 /* GrayscaleConverter.swift */ = {isa = PBXFileReference; lastKnownFileType = sourcecode.swift; path = GrayscaleConverter.swift; sourceTree = "<group>"; };
		D2F47A2D25EC18D80019B944 /* TemporaryBuffer.swift */ = {isa = PBXFileReference; lastKnownFileType = sourcecode.swift; path = TemporaryBuffer.swift; sourceTree = "<group>"; };
		D2F47A3125EC1B4C0019B944 /* LiveViewController.swift */ = {isa = PBXFileReference; lastKnownFileType = sourcecode.swift; path = LiveViewController.swift; sourceTree = "<group>"; };
/* End PBXFileReference section */

/* Begin PBXFrameworksBuildPhase section */
		D22B24E625D1D48900B4C744 /* Frameworks */ = {
			isa = PBXFrameworksBuildPhase;
			buildActionMask = 2147483647;
			files = (
				D22B250725D1D4AA00B4C744 /* CannyEdgeDetectorKit.framework in Frameworks */,
			);
			runOnlyForDeploymentPostprocessing = 0;
		};
		D22B24FD25D1D4AA00B4C744 /* Frameworks */ = {
			isa = PBXFrameworksBuildPhase;
			buildActionMask = 2147483647;
			files = (
			);
			runOnlyForDeploymentPostprocessing = 0;
		};
		D28BE5E225E1806E0024969B /* Frameworks */ = {
			isa = PBXFrameworksBuildPhase;
			buildActionMask = 2147483647;
			files = (
				D28BE5EA25E1806E0024969B /* CannyEdgeDetectorKit.framework in Frameworks */,
			);
			runOnlyForDeploymentPostprocessing = 0;
		};
/* End PBXFrameworksBuildPhase section */

/* Begin PBXGroup section */
		D22B24C925D1CD9700B4C744 = {
			isa = PBXGroup;
			children = (
				D22B24EA25D1D48900B4C744 /* CannyViewer */,
				D22B250125D1D4AA00B4C744 /* CannyEdgeDetectorKit */,
				D28BE5E625E1806E0024969B /* CannyEdgeDetectorKitTests */,
				D22B24D325D1CD9700B4C744 /* Products */,
			);
			sourceTree = "<group>";
		};
		D22B24D325D1CD9700B4C744 /* Products */ = {
			isa = PBXGroup;
			children = (
				D22B24E925D1D48900B4C744 /* CannyViewer.app */,
				D22B250025D1D4AA00B4C744 /* CannyEdgeDetectorKit.framework */,
				D28BE5E525E1806E0024969B /* CannyEdgeDetectorKitTests.xctest */,
			);
			name = Products;
			sourceTree = "<group>";
		};
		D22B24EA25D1D48900B4C744 /* CannyViewer */ = {
			isa = PBXGroup;
			children = (
				D22B24EB25D1D48900B4C744 /* AppDelegate.swift */,
				D22B24ED25D1D48900B4C744 /* ViewController.swift */,
				D22B24EF25D1D48A00B4C744 /* Assets.xcassets */,
				D22B24F125D1D48A00B4C744 /* Main.storyboard */,
				D22B24F425D1D48A00B4C744 /* Info.plist */,
				D22B24F525D1D48A00B4C744 /* CannyViewer.entitlements */,
				D2F47A3125EC1B4C0019B944 /* LiveViewController.swift */,
				D271043525F52BDC00F32DB1 /* CMDimensionsExtension.swift */,
				D2AC812A25F5378300B4CA67 /* TimerConsumer.swift */,
				D231A0D525F817B800526A49 /* LiveView.swift */,
			);
			path = CannyViewer;
			sourceTree = "<group>";
		};
		D22B250125D1D4AA00B4C744 /* CannyEdgeDetectorKit */ = {
			isa = PBXGroup;
			children = (
				D2C2B60F25DD9B4000485F07 /* AccelerateDetector.swift */,
				D23CD20425FCCCB50082CE04 /* AccelerateDetectorV2.swift */,
				D23CD20825FCD8D30082CE04 /* BoxFilter.swift */,
				D26E0BD925E1864100883294 /* BoxFilterStep.swift */,
				D23CD1FC25FCC8A80082CE04 /* CannyEdgeDetector.swift */,
				D23CD20E25FE52860082CE04 /* CannyEdgeDetectorDelegate.swift */,
				D22B250225D1D4AA00B4C744 /* CannyEdgeDetectorKit.h */,
				D22B24E125D1CE0F00B4C744 /* CGDetector.swift */,
				D2C2B60C25DB0F1000485F07 /* Detector.swift */,
				D23CD20025FCC9FE0082CE04 /* DetectorStrategy.swift */,
				D26E0BDD25E18A1700883294 /* GradientStep.swift */,
				D28BE5DE25E176980024969B /* GrayscaleConverterStep.swift */,
				D22B24DD25D1CDC200B4C744 /* Image.swift */,
				D22B250325D1D4AA00B4C744 /* Info.plist */,
				D26E0BE525E2BFFB00883294 /* NonMaxSuppressionStep.swift */,
				D2F47A2825EC11580019B944 /* Operations */,
				D2C4BCC225E1734400F1EDEE /* Pipeline */,
				D2F47A2D25EC18D80019B944 /* TemporaryBuffer.swift */,
				D2C2B60925DB0EFE00485F07 /* VIDetector.swift */,
				D29C61DC25EBA4EB00D94B0F /* VImageBufferWrapper.swift */,
			);
			path = CannyEdgeDetectorKit;
			sourceTree = "<group>";
		};
		D28BE5E625E1806E0024969B /* CannyEdgeDetectorKitTests */ = {
			isa = PBXGroup;
			children = (
				D28BE5F625E181160024969B /* Resources */,
				D28BE5E925E1806E0024969B /* Info.plist */,
				D28BE5F225E1809B0024969B /* GrayscaleConverterStepTest.swift */,
			);
			path = CannyEdgeDetectorKitTests;
			sourceTree = "<group>";
		};
		D28BE5F625E181160024969B /* Resources */ = {
			isa = PBXGroup;
			children = (
				D28BE5F725E181400024969B /* 10081.jpg */,
			);
			path = Resources;
			sourceTree = "<group>";
		};
		D2C4BCC225E1734400F1EDEE /* Pipeline */ = {
			isa = PBXGroup;
			children = (
				D2C4BCB925E16A7000F1EDEE /* Pipeline.swift */,
				D2C4BCBC25E16A8600F1EDEE /* PipelineStep.swift */,
				D2C4BCBF25E16AA400F1EDEE /* PipelineData.swift */,
			);
			path = Pipeline;
			sourceTree = "<group>";
		};
		D2F47A2825EC11580019B944 /* Operations */ = {
			isa = PBXGroup;
			children = (
				D2F47A2925EC11670019B944 /* GrayscaleConverter.swift */,
			);
			path = Operations;
			sourceTree = "<group>";
		};
/* End PBXGroup section */

/* Begin PBXHeadersBuildPhase section */
		D22B24FB25D1D4AA00B4C744 /* Headers */ = {
			isa = PBXHeadersBuildPhase;
			buildActionMask = 2147483647;
			files = (
				D22B250425D1D4AA00B4C744 /* CannyEdgeDetectorKit.h in Headers */,
			);
			runOnlyForDeploymentPostprocessing = 0;
		};
/* End PBXHeadersBuildPhase section */

/* Begin PBXNativeTarget section */
		D22B24E825D1D48900B4C744 /* CannyViewer */ = {
			isa = PBXNativeTarget;
			buildConfigurationList = D22B24F625D1D48A00B4C744 /* Build configuration list for PBXNativeTarget "CannyViewer" */;
			buildPhases = (
				D22B24E525D1D48900B4C744 /* Sources */,
				D22B24E625D1D48900B4C744 /* Frameworks */,
				D22B24E725D1D48900B4C744 /* Resources */,
				D22B250C25D1D4AA00B4C744 /* Embed Frameworks */,
			);
			buildRules = (
			);
			dependencies = (
				D22B250625D1D4AA00B4C744 /* PBXTargetDependency */,
			);
			name = CannyViewer;
			productName = CannyViewer;
			productReference = D22B24E925D1D48900B4C744 /* CannyViewer.app */;
			productType = "com.apple.product-type.application";
		};
		D22B24FF25D1D4AA00B4C744 /* CannyEdgeDetectorKit */ = {
			isa = PBXNativeTarget;
			buildConfigurationList = D22B250925D1D4AA00B4C744 /* Build configuration list for PBXNativeTarget "CannyEdgeDetectorKit" */;
			buildPhases = (
				D22B24FB25D1D4AA00B4C744 /* Headers */,
				D22B24FC25D1D4AA00B4C744 /* Sources */,
				D22B24FD25D1D4AA00B4C744 /* Frameworks */,
				D22B24FE25D1D4AA00B4C744 /* Resources */,
			);
			buildRules = (
			);
			dependencies = (
			);
			name = CannyEdgeDetectorKit;
			productName = CannyEdgeDetectorKit;
			productReference = D22B250025D1D4AA00B4C744 /* CannyEdgeDetectorKit.framework */;
			productType = "com.apple.product-type.framework";
		};
		D28BE5E425E1806E0024969B /* CannyEdgeDetectorKitTests */ = {
			isa = PBXNativeTarget;
			buildConfigurationList = D28BE5ED25E1806E0024969B /* Build configuration list for PBXNativeTarget "CannyEdgeDetectorKitTests" */;
			buildPhases = (
				D28BE5E125E1806E0024969B /* Sources */,
				D28BE5E225E1806E0024969B /* Frameworks */,
				D28BE5E325E1806E0024969B /* Resources */,
			);
			buildRules = (
			);
			dependencies = (
				D28BE5EC25E1806E0024969B /* PBXTargetDependency */,
			);
			name = CannyEdgeDetectorKitTests;
			productName = CannyEdgeDetectorKitTests;
			productReference = D28BE5E525E1806E0024969B /* CannyEdgeDetectorKitTests.xctest */;
			productType = "com.apple.product-type.bundle.unit-test";
		};
/* End PBXNativeTarget section */

/* Begin PBXProject section */
		D22B24CA25D1CD9700B4C744 /* Project object */ = {
			isa = PBXProject;
			attributes = {
				LastSwiftUpdateCheck = 1240;
				LastUpgradeCheck = 1240;
				TargetAttributes = {
					D22B24E825D1D48900B4C744 = {
						CreatedOnToolsVersion = 12.4;
					};
					D22B24FF25D1D4AA00B4C744 = {
						CreatedOnToolsVersion = 12.4;
					};
					D28BE5E425E1806E0024969B = {
						CreatedOnToolsVersion = 12.4;
					};
				};
			};
			buildConfigurationList = D22B24CD25D1CD9700B4C744 /* Build configuration list for PBXProject "CannyEdgeDetector" */;
			compatibilityVersion = "Xcode 9.3";
			developmentRegion = en;
			hasScannedForEncodings = 0;
			knownRegions = (
				en,
				Base,
			);
			mainGroup = D22B24C925D1CD9700B4C744;
			productRefGroup = D22B24D325D1CD9700B4C744 /* Products */;
			projectDirPath = "";
			projectRoot = "";
			targets = (
				D22B24E825D1D48900B4C744 /* CannyViewer */,
				D22B24FF25D1D4AA00B4C744 /* CannyEdgeDetectorKit */,
				D28BE5E425E1806E0024969B /* CannyEdgeDetectorKitTests */,
			);
		};
/* End PBXProject section */

/* Begin PBXResourcesBuildPhase section */
		D22B24E725D1D48900B4C744 /* Resources */ = {
			isa = PBXResourcesBuildPhase;
			buildActionMask = 2147483647;
			files = (
				D22B24F025D1D48A00B4C744 /* Assets.xcassets in Resources */,
				D22B24F325D1D48A00B4C744 /* Main.storyboard in Resources */,
			);
			runOnlyForDeploymentPostprocessing = 0;
		};
		D22B24FE25D1D4AA00B4C744 /* Resources */ = {
			isa = PBXResourcesBuildPhase;
			buildActionMask = 2147483647;
			files = (
			);
			runOnlyForDeploymentPostprocessing = 0;
		};
		D28BE5E325E1806E0024969B /* Resources */ = {
			isa = PBXResourcesBuildPhase;
			buildActionMask = 2147483647;
			files = (
				D28BE5F825E181400024969B /* 10081.jpg in Resources */,
			);
			runOnlyForDeploymentPostprocessing = 0;
		};
/* End PBXResourcesBuildPhase section */

/* Begin PBXSourcesBuildPhase section */
		D22B24E525D1D48900B4C744 /* Sources */ = {
			isa = PBXSourcesBuildPhase;
			buildActionMask = 2147483647;
			files = (
				D231A0D625F817B800526A49 /* LiveView.swift in Sources */,
				D271043625F52BDC00F32DB1 /* CMDimensionsExtension.swift in Sources */,
				D22B24EE25D1D48900B4C744 /* ViewController.swift in Sources */,
				D2AC812B25F5378300B4CA67 /* TimerConsumer.swift in Sources */,
				D2F47A3225EC1B4C0019B944 /* LiveViewController.swift in Sources */,
				D22B24EC25D1D48900B4C744 /* AppDelegate.swift in Sources */,
			);
			runOnlyForDeploymentPostprocessing = 0;
		};
		D22B24FC25D1D4AA00B4C744 /* Sources */ = {
			isa = PBXSourcesBuildPhase;
			buildActionMask = 2147483647;
			files = (
				D26E0BDE25E18A1700883294 /* GradientStep.swift in Sources */,
				D23CD20925FCD8D30082CE04 /* BoxFilter.swift in Sources */,
				D22B250F25D1D4B000B4C744 /* Image.swift in Sources */,
				D23CD20525FCCCB50082CE04 /* AccelerateDetectorV2.swift in Sources */,
				D2F47A2E25EC18D80019B944 /* TemporaryBuffer.swift in Sources */,
				D26E0BE625E2BFFB00883294 /* NonMaxSuppressionStep.swift in Sources */,
				D28BE5DF25E176980024969B /* GrayscaleConverterStep.swift in Sources */,
				D29C61DD25EBA4EB00D94B0F /* VImageBufferWrapper.swift in Sources */,
				D22B251225D1D4C000B4C744 /* CGDetector.swift in Sources */,
				D23CD20125FCC9FE0082CE04 /* DetectorStrategy.swift in Sources */,
				D2C2B61025DD9B4000485F07 /* AccelerateDetector.swift in Sources */,
				D2C4BCBA25E16A7000F1EDEE /* Pipeline.swift in Sources */,
				D2C4BCBD25E16A8600F1EDEE /* PipelineStep.swift in Sources */,
				D23CD1FD25FCC8A80082CE04 /* CannyEdgeDetector.swift in Sources */,
				D2C4BCC025E16AA400F1EDEE /* PipelineData.swift in Sources */,
				D2F47A2A25EC11670019B944 /* GrayscaleConverter.swift in Sources */,
				D2C2B60A25DB0EFE00485F07 /* VIDetector.swift in Sources */,
				D23CD20F25FE52860082CE04 /* CannyEdgeDetectorDelegate.swift in Sources */,
				D2C2B60D25DB0F1000485F07 /* Detector.swift in Sources */,
				D26E0BDA25E1864100883294 /* BoxFilterStep.swift in Sources */,
			);
			runOnlyForDeploymentPostprocessing = 0;
		};
		D28BE5E125E1806E0024969B /* Sources */ = {
			isa = PBXSourcesBuildPhase;
			buildActionMask = 2147483647;
			files = (
				D28BE5F325E1809B0024969B /* GrayscaleConverterStepTest.swift in Sources */,
			);
			runOnlyForDeploymentPostprocessing = 0;
		};
/* End PBXSourcesBuildPhase section */

/* Begin PBXTargetDependency section */
		D22B250625D1D4AA00B4C744 /* PBXTargetDependency */ = {
			isa = PBXTargetDependency;
			target = D22B24FF25D1D4AA00B4C744 /* CannyEdgeDetectorKit */;
			targetProxy = D22B250525D1D4AA00B4C744 /* PBXContainerItemProxy */;
		};
		D28BE5EC25E1806E0024969B /* PBXTargetDependency */ = {
			isa = PBXTargetDependency;
			target = D22B24FF25D1D4AA00B4C744 /* CannyEdgeDetectorKit */;
			targetProxy = D28BE5EB25E1806E0024969B /* PBXContainerItemProxy */;
		};
/* End PBXTargetDependency section */

/* Begin PBXVariantGroup section */
		D22B24F125D1D48A00B4C744 /* Main.storyboard */ = {
			isa = PBXVariantGroup;
			children = (
				D22B24F225D1D48A00B4C744 /* Base */,
			);
			name = Main.storyboard;
			sourceTree = "<group>";
		};
/* End PBXVariantGroup section */

/* Begin XCBuildConfiguration section */
		D22B24D725D1CD9700B4C744 /* Debug */ = {
			isa = XCBuildConfiguration;
			buildSettings = {
				ALWAYS_SEARCH_USER_PATHS = NO;
				CLANG_ANALYZER_NONNULL = YES;
				CLANG_ANALYZER_NUMBER_OBJECT_CONVERSION = YES_AGGRESSIVE;
				CLANG_CXX_LANGUAGE_STANDARD = "gnu++14";
				CLANG_CXX_LIBRARY = "libc++";
				CLANG_ENABLE_MODULES = YES;
				CLANG_ENABLE_OBJC_ARC = YES;
				CLANG_ENABLE_OBJC_WEAK = YES;
				CLANG_WARN_BLOCK_CAPTURE_AUTORELEASING = YES;
				CLANG_WARN_BOOL_CONVERSION = YES;
				CLANG_WARN_COMMA = YES;
				CLANG_WARN_CONSTANT_CONVERSION = YES;
				CLANG_WARN_DEPRECATED_OBJC_IMPLEMENTATIONS = YES;
				CLANG_WARN_DIRECT_OBJC_ISA_USAGE = YES_ERROR;
				CLANG_WARN_DOCUMENTATION_COMMENTS = YES;
				CLANG_WARN_EMPTY_BODY = YES;
				CLANG_WARN_ENUM_CONVERSION = YES;
				CLANG_WARN_INFINITE_RECURSION = YES;
				CLANG_WARN_INT_CONVERSION = YES;
				CLANG_WARN_NON_LITERAL_NULL_CONVERSION = YES;
				CLANG_WARN_OBJC_IMPLICIT_RETAIN_SELF = YES;
				CLANG_WARN_OBJC_LITERAL_CONVERSION = YES;
				CLANG_WARN_OBJC_ROOT_CLASS = YES_ERROR;
				CLANG_WARN_QUOTED_INCLUDE_IN_FRAMEWORK_HEADER = YES;
				CLANG_WARN_RANGE_LOOP_ANALYSIS = YES;
				CLANG_WARN_STRICT_PROTOTYPES = YES;
				CLANG_WARN_SUSPICIOUS_MOVE = YES;
				CLANG_WARN_UNGUARDED_AVAILABILITY = YES_AGGRESSIVE;
				CLANG_WARN_UNREACHABLE_CODE = YES;
				CLANG_WARN__DUPLICATE_METHOD_MATCH = YES;
				COPY_PHASE_STRIP = NO;
				DEBUG_INFORMATION_FORMAT = dwarf;
				ENABLE_STRICT_OBJC_MSGSEND = YES;
				ENABLE_TESTABILITY = YES;
				GCC_C_LANGUAGE_STANDARD = gnu11;
				GCC_DYNAMIC_NO_PIC = NO;
				GCC_NO_COMMON_BLOCKS = YES;
				GCC_OPTIMIZATION_LEVEL = 0;
				GCC_PREPROCESSOR_DEFINITIONS = (
					"DEBUG=1",
					"$(inherited)",
				);
				GCC_WARN_64_TO_32_BIT_CONVERSION = YES;
				GCC_WARN_ABOUT_RETURN_TYPE = YES_ERROR;
				GCC_WARN_UNDECLARED_SELECTOR = YES;
				GCC_WARN_UNINITIALIZED_AUTOS = YES_AGGRESSIVE;
				GCC_WARN_UNUSED_FUNCTION = YES;
				GCC_WARN_UNUSED_VARIABLE = YES;
				MACOSX_DEPLOYMENT_TARGET = 10.15;
				MTL_ENABLE_DEBUG_INFO = INCLUDE_SOURCE;
				MTL_FAST_MATH = YES;
				ONLY_ACTIVE_ARCH = YES;
				SDKROOT = macosx;
				SWIFT_ACTIVE_COMPILATION_CONDITIONS = DEBUG;
				SWIFT_OPTIMIZATION_LEVEL = "-Onone";
			};
			name = Debug;
		};
		D22B24D825D1CD9700B4C744 /* Release */ = {
			isa = XCBuildConfiguration;
			buildSettings = {
				ALWAYS_SEARCH_USER_PATHS = NO;
				CLANG_ANALYZER_NONNULL = YES;
				CLANG_ANALYZER_NUMBER_OBJECT_CONVERSION = YES_AGGRESSIVE;
				CLANG_CXX_LANGUAGE_STANDARD = "gnu++14";
				CLANG_CXX_LIBRARY = "libc++";
				CLANG_ENABLE_MODULES = YES;
				CLANG_ENABLE_OBJC_ARC = YES;
				CLANG_ENABLE_OBJC_WEAK = YES;
				CLANG_WARN_BLOCK_CAPTURE_AUTORELEASING = YES;
				CLANG_WARN_BOOL_CONVERSION = YES;
				CLANG_WARN_COMMA = YES;
				CLANG_WARN_CONSTANT_CONVERSION = YES;
				CLANG_WARN_DEPRECATED_OBJC_IMPLEMENTATIONS = YES;
				CLANG_WARN_DIRECT_OBJC_ISA_USAGE = YES_ERROR;
				CLANG_WARN_DOCUMENTATION_COMMENTS = YES;
				CLANG_WARN_EMPTY_BODY = YES;
				CLANG_WARN_ENUM_CONVERSION = YES;
				CLANG_WARN_INFINITE_RECURSION = YES;
				CLANG_WARN_INT_CONVERSION = YES;
				CLANG_WARN_NON_LITERAL_NULL_CONVERSION = YES;
				CLANG_WARN_OBJC_IMPLICIT_RETAIN_SELF = YES;
				CLANG_WARN_OBJC_LITERAL_CONVERSION = YES;
				CLANG_WARN_OBJC_ROOT_CLASS = YES_ERROR;
				CLANG_WARN_QUOTED_INCLUDE_IN_FRAMEWORK_HEADER = YES;
				CLANG_WARN_RANGE_LOOP_ANALYSIS = YES;
				CLANG_WARN_STRICT_PROTOTYPES = YES;
				CLANG_WARN_SUSPICIOUS_MOVE = YES;
				CLANG_WARN_UNGUARDED_AVAILABILITY = YES_AGGRESSIVE;
				CLANG_WARN_UNREACHABLE_CODE = YES;
				CLANG_WARN__DUPLICATE_METHOD_MATCH = YES;
				COPY_PHASE_STRIP = NO;
				DEBUG_INFORMATION_FORMAT = "dwarf-with-dsym";
				ENABLE_NS_ASSERTIONS = NO;
				ENABLE_STRICT_OBJC_MSGSEND = YES;
				GCC_C_LANGUAGE_STANDARD = gnu11;
				GCC_NO_COMMON_BLOCKS = YES;
				GCC_WARN_64_TO_32_BIT_CONVERSION = YES;
				GCC_WARN_ABOUT_RETURN_TYPE = YES_ERROR;
				GCC_WARN_UNDECLARED_SELECTOR = YES;
				GCC_WARN_UNINITIALIZED_AUTOS = YES_AGGRESSIVE;
				GCC_WARN_UNUSED_FUNCTION = YES;
				GCC_WARN_UNUSED_VARIABLE = YES;
				MACOSX_DEPLOYMENT_TARGET = 10.15;
				MTL_ENABLE_DEBUG_INFO = NO;
				MTL_FAST_MATH = YES;
				SDKROOT = macosx;
				SWIFT_COMPILATION_MODE = wholemodule;
				SWIFT_OPTIMIZATION_LEVEL = "-O";
			};
			name = Release;
		};
		D22B24F725D1D48A00B4C744 /* Debug */ = {
			isa = XCBuildConfiguration;
			buildSettings = {
				ALWAYS_EMBED_SWIFT_STANDARD_LIBRARIES = YES;
				ASSETCATALOG_COMPILER_APPICON_NAME = AppIcon;
				ASSETCATALOG_COMPILER_GLOBAL_ACCENT_COLOR_NAME = AccentColor;
				CODE_SIGN_ENTITLEMENTS = CannyViewer/CannyViewer.entitlements;
				CODE_SIGN_STYLE = Automatic;
				COMBINE_HIDPI_IMAGES = YES;
				DEVELOPMENT_TEAM = SQAGPZ7884;
				ENABLE_HARDENED_RUNTIME = YES;
				INFOPLIST_FILE = CannyViewer/Info.plist;
				LD_RUNPATH_SEARCH_PATHS = (
					"$(inherited)",
					"@executable_path/../Frameworks",
				);
				PRODUCT_BUNDLE_IDENTIFIER = com.aleto.CannyViewer;
				PRODUCT_NAME = "$(TARGET_NAME)";
				SWIFT_VERSION = 5.0;
			};
			name = Debug;
		};
		D22B24F825D1D48A00B4C744 /* Release */ = {
			isa = XCBuildConfiguration;
			buildSettings = {
				ALWAYS_EMBED_SWIFT_STANDARD_LIBRARIES = YES;
				ASSETCATALOG_COMPILER_APPICON_NAME = AppIcon;
				ASSETCATALOG_COMPILER_GLOBAL_ACCENT_COLOR_NAME = AccentColor;
				CODE_SIGN_ENTITLEMENTS = CannyViewer/CannyViewer.entitlements;
				CODE_SIGN_STYLE = Automatic;
				COMBINE_HIDPI_IMAGES = YES;
				DEVELOPMENT_TEAM = SQAGPZ7884;
				ENABLE_HARDENED_RUNTIME = YES;
				INFOPLIST_FILE = CannyViewer/Info.plist;
				LD_RUNPATH_SEARCH_PATHS = (
					"$(inherited)",
					"@executable_path/../Frameworks",
				);
				PRODUCT_BUNDLE_IDENTIFIER = com.aleto.CannyViewer;
				PRODUCT_NAME = "$(TARGET_NAME)";
				SWIFT_VERSION = 5.0;
			};
			name = Release;
		};
		D22B250A25D1D4AA00B4C744 /* Debug */ = {
			isa = XCBuildConfiguration;
			buildSettings = {
				CODE_SIGN_STYLE = Automatic;
				COMBINE_HIDPI_IMAGES = YES;
				CURRENT_PROJECT_VERSION = 1;
				DEFINES_MODULE = YES;
				DEVELOPMENT_TEAM = SQAGPZ7884;
				DYLIB_COMPATIBILITY_VERSION = 1;
				DYLIB_CURRENT_VERSION = 1;
				DYLIB_INSTALL_NAME_BASE = "@rpath";
				INFOPLIST_FILE = CannyEdgeDetectorKit/Info.plist;
				INSTALL_PATH = "$(LOCAL_LIBRARY_DIR)/Frameworks";
				LD_RUNPATH_SEARCH_PATHS = (
					"$(inherited)",
					"@executable_path/../Frameworks",
					"@loader_path/Frameworks",
				);
				PRODUCT_BUNDLE_IDENTIFIER = com.aleto.CannyEdgeDetectorKit;
				PRODUCT_NAME = "$(TARGET_NAME:c99extidentifier)";
				SKIP_INSTALL = YES;
				SWIFT_VERSION = 5.0;
				VERSIONING_SYSTEM = "apple-generic";
				VERSION_INFO_PREFIX = "";
			};
			name = Debug;
		};
		D22B250B25D1D4AA00B4C744 /* Release */ = {
			isa = XCBuildConfiguration;
			buildSettings = {
				CODE_SIGN_STYLE = Automatic;
				COMBINE_HIDPI_IMAGES = YES;
				CURRENT_PROJECT_VERSION = 1;
				DEFINES_MODULE = YES;
				DEVELOPMENT_TEAM = SQAGPZ7884;
				DYLIB_COMPATIBILITY_VERSION = 1;
				DYLIB_CURRENT_VERSION = 1;
				DYLIB_INSTALL_NAME_BASE = "@rpath";
				INFOPLIST_FILE = CannyEdgeDetectorKit/Info.plist;
				INSTALL_PATH = "$(LOCAL_LIBRARY_DIR)/Frameworks";
				LD_RUNPATH_SEARCH_PATHS = (
					"$(inherited)",
					"@executable_path/../Frameworks",
					"@loader_path/Frameworks",
				);
				PRODUCT_BUNDLE_IDENTIFIER = com.aleto.CannyEdgeDetectorKit;
				PRODUCT_NAME = "$(TARGET_NAME:c99extidentifier)";
				SKIP_INSTALL = YES;
				SWIFT_VERSION = 5.0;
				VERSIONING_SYSTEM = "apple-generic";
				VERSION_INFO_PREFIX = "";
			};
			name = Release;
		};
		D28BE5EE25E1806E0024969B /* Debug */ = {
			isa = XCBuildConfiguration;
			buildSettings = {
				CODE_SIGN_STYLE = Automatic;
				COMBINE_HIDPI_IMAGES = YES;
				DEVELOPMENT_TEAM = SQAGPZ7884;
				INFOPLIST_FILE = CannyEdgeDetectorKitTests/Info.plist;
				LD_RUNPATH_SEARCH_PATHS = (
					"$(inherited)",
					"@executable_path/../Frameworks",
					"@loader_path/../Frameworks",
				);
				PRODUCT_BUNDLE_IDENTIFIER = com.aleto.CannyEdgeDetectorKitTests;
				PRODUCT_NAME = "$(TARGET_NAME)";
				SWIFT_VERSION = 5.0;
			};
			name = Debug;
		};
		D28BE5EF25E1806E0024969B /* Release */ = {
			isa = XCBuildConfiguration;
			buildSettings = {
				CODE_SIGN_STYLE = Automatic;
				COMBINE_HIDPI_IMAGES = YES;
				DEVELOPMENT_TEAM = SQAGPZ7884;
				INFOPLIST_FILE = CannyEdgeDetectorKitTests/Info.plist;
				LD_RUNPATH_SEARCH_PATHS = (
					"$(inherited)",
					"@executable_path/../Frameworks",
					"@loader_path/../Frameworks",
				);
				PRODUCT_BUNDLE_IDENTIFIER = com.aleto.CannyEdgeDetectorKitTests;
				PRODUCT_NAME = "$(TARGET_NAME)";
				SWIFT_VERSION = 5.0;
			};
			name = Release;
		};
/* End XCBuildConfiguration section */

/* Begin XCConfigurationList section */
		D22B24CD25D1CD9700B4C744 /* Build configuration list for PBXProject "CannyEdgeDetector" */ = {
			isa = XCConfigurationList;
			buildConfigurations = (
				D22B24D725D1CD9700B4C744 /* Debug */,
				D22B24D825D1CD9700B4C744 /* Release */,
			);
			defaultConfigurationIsVisible = 0;
			defaultConfigurationName = Release;
		};
		D22B24F625D1D48A00B4C744 /* Build configuration list for PBXNativeTarget "CannyViewer" */ = {
			isa = XCConfigurationList;
			buildConfigurations = (
				D22B24F725D1D48A00B4C744 /* Debug */,
				D22B24F825D1D48A00B4C744 /* Release */,
			);
			defaultConfigurationIsVisible = 0;
			defaultConfigurationName = Release;
		};
		D22B250925D1D4AA00B4C744 /* Build configuration list for PBXNativeTarget "CannyEdgeDetectorKit" */ = {
			isa = XCConfigurationList;
			buildConfigurations = (
				D22B250A25D1D4AA00B4C744 /* Debug */,
				D22B250B25D1D4AA00B4C744 /* Release */,
			);
			defaultConfigurationIsVisible = 0;
			defaultConfigurationName = Release;
		};
		D28BE5ED25E1806E0024969B /* Build configuration list for PBXNativeTarget "CannyEdgeDetectorKitTests" */ = {
			isa = XCConfigurationList;
			buildConfigurations = (
				D28BE5EE25E1806E0024969B /* Debug */,
				D28BE5EF25E1806E0024969B /* Release */,
			);
			defaultConfigurationIsVisible = 0;
			defaultConfigurationName = Release;
		};
/* End XCConfigurationList section */
	};
	rootObject = D22B24CA25D1CD9700B4C744 /* Project object */;
}
